// !$*UTF8*$!
{
	archiveVersion = 1;
	classes = {
	};
	objectVersion = 50;
	objects = {

/* Begin PBXBuildFile section */
		C719163B21368BAC00951E23 /* AppDelegate.m in Sources */ = {isa = PBXBuildFile; fileRef = C719163A21368BAC00951E23 /* AppDelegate.m */; };
		C719163E21368BAC00951E23 /* ViewController.m in Sources */ = {isa = PBXBuildFile; fileRef = C719163D21368BAC00951E23 /* ViewController.m */; };
		C719164321368BAD00951E23 /* Assets.xcassets in Resources */ = {isa = PBXBuildFile; fileRef = C719164221368BAD00951E23 /* Assets.xcassets */; };
		C719164621368BAD00951E23 /* LaunchScreen.storyboard in Resources */ = {isa = PBXBuildFile; fileRef = C719164421368BAD00951E23 /* LaunchScreen.storyboard */; };
		C719164921368BAD00951E23 /* main.m in Sources */ = {isa = PBXBuildFile; fileRef = C719164821368BAD00951E23 /* main.m */; };
		C719165221368BD800951E23 /* IAPTool.m in Sources */ = {isa = PBXBuildFile; fileRef = C719165121368BD800951E23 /* IAPTool.m */; };
/* End PBXBuildFile section */

/* Begin PBXFileReference section */
		C719163621368BAC00951E23 /* 内购.app */ = {isa = PBXFileReference; explicitFileType = wrapper.application; includeInIndex = 0; path = "内购.app"; sourceTree = BUILT_PRODUCTS_DIR; };
		C719163921368BAC00951E23 /* AppDelegate.h */ = {isa = PBXFileReference; lastKnownFileType = sourcecode.c.h; path = AppDelegate.h; sourceTree = "<group>"; };
		C719163A21368BAC00951E23 /* AppDelegate.m */ = {isa = PBXFileReference; lastKnownFileType = sourcecode.c.objc; path = AppDelegate.m; sourceTree = "<group>"; };
		C719163C21368BAC00951E23 /* ViewController.h */ = {isa = PBXFileReference; lastKnownFileType = sourcecode.c.h; path = ViewController.h; sourceTree = "<group>"; };
		C719163D21368BAC00951E23 /* ViewController.m */ = {isa = PBXFileReference; lastKnownFileType = sourcecode.c.objc; path = ViewController.m; sourceTree = "<group>"; };
		C719164221368BAD00951E23 /* Assets.xcassets */ = {isa = PBXFileReference; lastKnownFileType = folder.assetcatalog; path = Assets.xcassets; sourceTree = "<group>"; };
		C719164521368BAD00951E23 /* Base */ = {isa = PBXFileReference; lastKnownFileType = file.storyboard; name = Base; path = Base.lproj/LaunchScreen.storyboard; sourceTree = "<group>"; };
		C719164721368BAD00951E23 /* Info.plist */ = {isa = PBXFileReference; lastKnownFileType = text.plist.xml; path = Info.plist; sourceTree = "<group>"; };
		C719164821368BAD00951E23 /* main.m */ = {isa = PBXFileReference; lastKnownFileType = sourcecode.c.objc; path = main.m; sourceTree = "<group>"; };
		C719165021368BD800951E23 /* IAPTool.h */ = {isa = PBXFileReference; lastKnownFileType = sourcecode.c.h; path = IAPTool.h; sourceTree = "<group>"; };
		C719165121368BD800951E23 /* IAPTool.m */ = {isa = PBXFileReference; lastKnownFileType = sourcecode.c.objc; path = IAPTool.m; sourceTree = "<group>"; };
/* End PBXFileReference section */

/* Begin PBXFrameworksBuildPhase section */
		C719163321368BAC00951E23 /* Frameworks */ = {
			isa = PBXFrameworksBuildPhase;
			buildActionMask = 2147483647;
			files = (
			);
			runOnlyForDeploymentPostprocessing = 0;
		};
/* End PBXFrameworksBuildPhase section */

/* Begin PBXGroup section */
		C719162D21368BAC00951E23 = {
			isa = PBXGroup;
			children = (
				C719163821368BAC00951E23 /* 内购 */,
				C719163721368BAC00951E23 /* Products */,
			);
			sourceTree = "<group>";
		};
		C719163721368BAC00951E23 /* Products */ = {
			isa = PBXGroup;
			children = (
				C719163621368BAC00951E23 /* 内购.app */,
			);
			name = Products;
			sourceTree = "<group>";
		};
		C719163821368BAC00951E23 /* 内购 */ = {
			isa = PBXGroup;
			children = (
				C719163921368BAC00951E23 /* AppDelegate.h */,
				C719163A21368BAC00951E23 /* AppDelegate.m */,
				C719164F21368BBF00951E23 /* IAPTool */,
				C719163C21368BAC00951E23 /* ViewController.h */,
				C719163D21368BAC00951E23 /* ViewController.m */,
				C719164221368BAD00951E23 /* Assets.xcassets */,
				C719164421368BAD00951E23 /* LaunchScreen.storyboard */,
				C719164721368BAD00951E23 /* Info.plist */,
				C719164821368BAD00951E23 /* main.m */,
			);
			path = "内购";
			sourceTree = "<group>";
		};
		C719164F21368BBF00951E23 /* IAPTool */ = {
			isa = PBXGroup;
			children = (
				C719165021368BD800951E23 /* IAPTool.h */,
				C719165121368BD800951E23 /* IAPTool.m */,
			);
			path = IAPTool;
			sourceTree = "<group>";
		};
/* End PBXGroup section */

/* Begin PBXNativeTarget section */
		C719163521368BAC00951E23 /* 内购 */ = {
			isa = PBXNativeTarget;
			buildConfigurationList = C719164C21368BAD00951E23 /* Build configuration list for PBXNativeTarget "内购" */;
			buildPhases = (
				C719163221368BAC00951E23 /* Sources */,
				C719163321368BAC00951E23 /* Frameworks */,
				C719163421368BAC00951E23 /* Resources */,
			);
			buildRules = (
			);
			dependencies = (
			);
			name = "内购";
			productName = "内购";
			productReference = C719163621368BAC00951E23 /* 内购.app */;
			productType = "com.apple.product-type.application";
		};
/* End PBXNativeTarget section */

/* Begin PBXProject section */
		C719162E21368BAC00951E23 /* Project object */ = {
			isa = PBXProject;
			attributes = {
				LastUpgradeCheck = 0930;
				ORGANIZATIONNAME = luomh;
				TargetAttributes = {
					C719163521368BAC00951E23 = {
						CreatedOnToolsVersion = 9.3;
					};
				};
			};
			buildConfigurationList = C719163121368BAC00951E23 /* Build configuration list for PBXProject "内购" */;
			compatibilityVersion = "Xcode 9.3";
			developmentRegion = en;
			hasScannedForEncodings = 0;
			knownRegions = (
				en,
				Base,
			);
			mainGroup = C719162D21368BAC00951E23;
			productRefGroup = C719163721368BAC00951E23 /* Products */;
			projectDirPath = "";
			projectRoot = "";
			targets = (
				C719163521368BAC00951E23 /* 内购 */,
			);
		};
/* End PBXProject section */

/* Begin PBXResourcesBuildPhase section */
		C719163421368BAC00951E23 /* Resources */ = {
			isa = PBXResourcesBuildPhase;
			buildActionMask = 2147483647;
			files = (
				C719164621368BAD00951E23 /* LaunchScreen.storyboard in Resources */,
				C719164321368BAD00951E23 /* Assets.xcassets in Resources */,
			);
			runOnlyForDeploymentPostprocessing = 0;
		};
/* End PBXResourcesBuildPhase section */

/* Begin PBXSourcesBuildPhase section */
		C719163221368BAC00951E23 /* Sources */ = {
			isa = PBXSourcesBuildPhase;
			buildActionMask = 2147483647;
			files = (
				C719165221368BD800951E23 /* IAPTool.m in Sources */,
				C719163E21368BAC00951E23 /* ViewController.m in Sources */,
				C719164921368BAD00951E23 /* main.m in Sources */,
				C719163B21368BAC00951E23 /* AppDelegate.m in Sources */,
			);
			runOnlyForDeploymentPostprocessing = 0;
		};
/* End PBXSourcesBuildPhase section */

/* Begin PBXVariantGroup section */
		C719164421368BAD00951E23 /* LaunchScreen.storyboard */ = {
			isa = PBXVariantGroup;
			children = (
				C719164521368BAD00951E23 /* Base */,
			);
			name = LaunchScreen.storyboard;
			sourceTree = "<group>";
		};
/* End PBXVariantGroup section */

/* Begin XCBuildConfiguration section */
		C719164A21368BAD00951E23 /* Debug */ = {
			isa = XCBuildConfiguration;
			buildSettings = {
				ALWAYS_SEARCH_USER_PATHS = NO;
				CLANG_ANALYZER_NONNULL = YES;
				CLANG_ANALYZER_NUMBER_OBJECT_CONVERSION = YES_AGGRESSIVE;
				CLANG_CXX_LANGUAGE_STANDARD = "gnu++14";
				CLANG_CXX_LIBRARY = "libc++";
				CLANG_ENABLE_MODULES = YES;
				CLANG_ENABLE_OBJC_ARC = YES;
				CLANG_ENABLE_OBJC_WEAK = YES;
				CLANG_WARN_BLOCK_CAPTURE_AUTORELEASING = YES;
				CLANG_WARN_BOOL_CONVERSION = YES;
				CLANG_WARN_COMMA = YES;
				CLANG_WARN_CONSTANT_CONVERSION = YES;
				CLANG_WARN_DEPRECATED_OBJC_IMPLEMENTATIONS = YES;
				CLANG_WARN_DIRECT_OBJC_ISA_USAGE = YES_ERROR;
				CLANG_WARN_DOCUMENTATION_COMMENTS = YES;
				CLANG_WARN_EMPTY_BODY = YES;
				CLANG_WARN_ENUM_CONVERSION = YES;
				CLANG_WARN_INFINITE_RECURSION = YES;
				CLANG_WARN_INT_CONVERSION = YES;
				CLANG_WARN_NON_LITERAL_NULL_CONVERSION = YES;
				CLANG_WARN_OBJC_IMPLICIT_RETAIN_SELF = YES;
				CLANG_WARN_OBJC_LITERAL_CONVERSION = YES;
				CLANG_WARN_OBJC_ROOT_CLASS = YES_ERROR;
				CLANG_WARN_RANGE_LOOP_ANALYSIS = YES;
				CLANG_WARN_STRICT_PROTOTYPES = YES;
				CLANG_WARN_SUSPICIOUS_MOVE = YES;
				CLANG_WARN_UNGUARDED_AVAILABILITY = YES_AGGRESSIVE;
				CLANG_WARN_UNREACHABLE_CODE = YES;
				CLANG_WARN__DUPLICATE_METHOD_MATCH = YES;
				CODE_SIGN_IDENTITY = "iPhone Developer";
				COPY_PHASE_STRIP = NO;
				DEBUG_INFORMATION_FORMAT = dwarf;
				ENABLE_STRICT_OBJC_MSGSEND = YES;
				ENABLE_TESTABILITY = YES;
				GCC_C_LANGUAGE_STANDARD = gnu11;
				GCC_DYNAMIC_NO_PIC = NO;
				GCC_NO_COMMON_BLOCKS = YES;
				GCC_OPTIMIZATION_LEVEL = 0;
				GCC_PREPROCESSOR_DEFINITIONS = (
					"DEBUG=1",
					"$(inherited)",
				);
				GCC_WARN_64_TO_32_BIT_CONVERSION = YES;
				GCC_WARN_ABOUT_RETURN_TYPE = YES_ERROR;
				GCC_WARN_UNDECLARED_SELECTOR = YES;
				GCC_WARN_UNINITIALIZED_AUTOS = YES_AGGRESSIVE;
				GCC_WARN_UNUSED_FUNCTION = YES;
				GCC_WARN_UNUSED_VARIABLE = YES;
				IPHONEOS_DEPLOYMENT_TARGET = 11.3;
				MTL_ENABLE_DEBUG_INFO = YES;
				ONLY_ACTIVE_ARCH = YES;
				SDKROOT = iphoneos;
			};
			name = Debug;
		};
		C719164B21368BAD00951E23 /* Release */ = {
			isa = XCBuildConfiguration;
			buildSettings = {
				ALWAYS_SEARCH_USER_PATHS = NO;
				CLANG_ANALYZER_NONNULL = YES;
				CLANG_ANALYZER_NUMBER_OBJECT_CONVERSION = YES_AGGRESSIVE;
				CLANG_CXX_LANGUAGE_STANDARD = "gnu++14";
				CLANG_CXX_LIBRARY = "libc++";
				CLANG_ENABLE_MODULES = YES;
				CLANG_ENABLE_OBJC_ARC = YES;
				CLANG_ENABLE_OBJC_WEAK = YES;
				CLANG_WARN_BLOCK_CAPTURE_AUTORELEASING = YES;
				CLANG_WARN_BOOL_CONVERSION = YES;
				CLANG_WARN_COMMA = YES;
				CLANG_WARN_CONSTANT_CONVERSION = YES;
				CLANG_WARN_DEPRECATED_OBJC_IMPLEMENTATIONS = YES;
				CLANG_WARN_DIRECT_OBJC_ISA_USAGE = YES_ERROR;
				CLANG_WARN_DOCUMENTATION_COMMENTS = YES;
				CLANG_WARN_EMPTY_BODY = YES;
				CLANG_WARN_ENUM_CONVERSION = YES;
				CLANG_WARN_INFINITE_RECURSION = YES;
				CLANG_WARN_INT_CONVERSION = YES;
				CLANG_WARN_NON_LITERAL_NULL_CONVERSION = YES;
				CLANG_WARN_OBJC_IMPLICIT_RETAIN_SELF = YES;
				CLANG_WARN_OBJC_LITERAL_CONVERSION = YES;
				CLANG_WARN_OBJC_ROOT_CLASS = YES_ERROR;
				CLANG_WARN_RANGE_LOOP_ANALYSIS = YES;
				CLANG_WARN_STRICT_PROTOTYPES = YES;
				CLANG_WARN_SUSPICIOUS_MOVE = YES;
				CLANG_WARN_UNGUARDED_AVAILABILITY = YES_AGGRESSIVE;
				CLANG_WARN_UNREACHABLE_CODE = YES;
				CLANG_WARN__DUPLICATE_METHOD_MATCH = YES;
				CODE_SIGN_IDENTITY = "iPhone Developer";
				COPY_PHASE_STRIP = NO;
				DEBUG_INFORMATION_FORMAT = "dwarf-with-dsym";
				ENABLE_NS_ASSERTIONS = NO;
				ENABLE_STRICT_OBJC_MSGSEND = YES;
				GCC_C_LANGUAGE_STANDARD = gnu11;
				GCC_NO_COMMON_BLOCKS = YES;
				GCC_WARN_64_TO_32_BIT_CONVERSION = YES;
				GCC_WARN_ABOUT_RETURN_TYPE = YES_ERROR;
				GCC_WARN_UNDECLARED_SELECTOR = YES;
				GCC_WARN_UNINITIALIZED_AUTOS = YES_AGGRESSIVE;
				GCC_WARN_UNUSED_FUNCTION = YES;
				GCC_WARN_UNUSED_VARIABLE = YES;
				IPHONEOS_DEPLOYMENT_TARGET = 11.3;
				MTL_ENABLE_DEBUG_INFO = NO;
				SDKROOT = iphoneos;
				VALIDATE_PRODUCT = YES;
			};
			name = Release;
		};
		C719164D21368BAD00951E23 /* Debug */ = {
			isa = XCBuildConfiguration;
			buildSettings = {
				ASSETCATALOG_COMPILER_APPICON_NAME = AppIcon;
				CODE_SIGN_STYLE = Automatic;
				DEVELOPMENT_TEAM = 99734UMVYU;
				INFOPLIST_FILE = "内购/Info.plist";
				IPHONEOS_DEPLOYMENT_TARGET = 8.0;
				LD_RUNPATH_SEARCH_PATHS = (
					"$(inherited)",
					"@executable_path/Frameworks",
				);
				PRODUCT_BUNDLE_IDENTIFIER = "com.luomh.--";
				PRODUCT_NAME = "$(TARGET_NAME)";
				TARGETED_DEVICE_FAMILY = "1,2";
			};
			name = Debug;
		};
		C719164E21368BAD00951E23 /* Release */ = {
			isa = XCBuildConfiguration;
			buildSettings = {
				ASSETCATALOG_COMPILER_APPICON_NAME = AppIcon;
				CODE_SIGN_STYLE = Automatic;
				DEVELOPMENT_TEAM = 99734UMVYU;
				INFOPLIST_FILE = "内购/Info.plist";
				IPHONEOS_DEPLOYMENT_TARGET = 8.0;
				LD_RUNPATH_SEARCH_PATHS = (
					"$(inherited)",
					"@executable_path/Frameworks",
				);
				PRODUCT_BUNDLE_IDENTIFIER = "com.luomh.--";
				PRODUCT_NAME = "$(TARGET_NAME)";
				TARGETED_DEVICE_FAMILY = "1,2";
			};
			name = Release;
		};
/* End XCBuildConfiguration section */

/* Begin XCConfigurationList section */
		C719163121368BAC00951E23 /* Build configuration list for PBXProject "内购" */ = {
			isa = XCConfigurationList;
			buildConfigurations = (
				C719164A21368BAD00951E23 /* Debug */,
				C719164B21368BAD00951E23 /* Release */,
			);
			defaultConfigurationIsVisible = 0;
			defaultConfigurationName = Release;
		};
		C719164C21368BAD00951E23 /* Build configuration list for PBXNativeTarget "内购" */ = {
			isa = XCConfigurationList;
			buildConfigurations = (
				C719164D21368BAD00951E23 /* Debug */,
				C719164E21368BAD00951E23 /* Release */,
			);
			defaultConfigurationIsVisible = 0;
			defaultConfigurationName = Release;
		};
/* End XCConfigurationList section */
	};
	rootObject = C719162E21368BAC00951E23 /* Project object */;
}
